{
    "_meta": {
        "hash": {
            "sha256": "fd10e50db79d501b892526a429159821aced8e9de7d196b3d739c42237ec7947"
        },
        "pipfile-spec": 6,
        "requires": {
            "python_version": "3.13"
        },
        "sources": [
            {
                "name": "pypi",
                "url": "https://pypi.org/simple",
                "verify_ssl": true
            }
        ]
    },
    "default": {
        "argparse": {
            "hashes": [
                "sha256:62b089a55be1d8949cd2bc7e0df0bddb9e028faefc8c32038cc84862aefdd6e4",
                "sha256:c31647edb69fd3d465a847ea3157d37bed1f95f19760b11a47aa91c04b666314"
            ],
            "index": "pypi",
            "version": "==1.4.0"
        },
        "asyncio": {
            "hashes": [
                "sha256:570cd9e50db83bc1629152d4d0b7558d6451bb1bfd5dfc2e935d96fc2f40329b",
                "sha256:c1eddb0659231837046809e68103969b2bef8b0400d59cfa6363f6b5ed8cc88b"
            ],
            "index": "pypi",
            "markers": "python_version >= '3.4'",
            "version": "==4.0.0"
        },
        "certifi": {
            "hashes": [
                "sha256:e564105f78ded564e3ae7c923924435e1daa7463faeab5bb932bc53ffae63407",
                "sha256:f6c12493cfb1b06ba2ff328595af9350c65d6644968e5d3a2ffd78699af217a5"
            ],
            "markers": "python_version >= '3.7'",
            "version": "==2025.8.3"
        },
        "charset-normalizer": {
            "hashes": [
                "sha256:00237675befef519d9af72169d8604a067d92755e84fe76492fef5441db05b91",
                "sha256:02425242e96bcf29a49711b0ca9f37e451da7c70562bc10e8ed992a5a7a25cc0",
                "sha256:027b776c26d38b7f15b26a5da1044f376455fb3766df8fc38563b4efbc515154",
                "sha256:07a0eae9e2787b586e129fdcbe1af6997f8d0e5abaa0bc98c0e20e124d67e601",
                "sha256:0cacf8f7297b0c4fcb74227692ca46b4a5852f8f4f24b3c766dd94a1075c4884",
                "sha256:0e78314bdc32fa80696f72fa16dc61168fda4d6a0c014e0380f9d02f0e5d8a07",
                "sha256:0f2be7e0cf7754b9a30eb01f4295cc3d4358a479843b31f328afd210e2c7598c",
                "sha256:13faeacfe61784e2559e690fc53fa4c5ae97c6fcedb8eb6fb8d0a15b475d2c64",
                "sha256:14c2a87c65b351109f6abfc424cab3927b3bdece6f706e4d12faaf3d52ee5efe",
                "sha256:1606f4a55c0fd363d754049cdf400175ee96c992b1f8018b993941f221221c5f",
                "sha256:16a8770207946ac75703458e2c743631c79c59c5890c80011d536248f8eaa432",
                "sha256:18343b2d246dc6761a249ba1fb13f9ee9a2bcd95decc767319506056ea4ad4dc",
                "sha256:18b97b8404387b96cdbd30ad660f6407799126d26a39ca65729162fd810a99aa",
                "sha256:1bb60174149316da1c35fa5233681f7c0f9f514509b8e399ab70fea5f17e45c9",
                "sha256:1e8ac75d72fa3775e0b7cb7e4629cec13b7514d928d15ef8ea06bca03ef01cae",
                "sha256:1ef99f0456d3d46a50945c98de1774da86f8e992ab5c77865ea8b8195341fc19",
                "sha256:2001a39612b241dae17b4687898843f254f8748b796a2e16f1051a17078d991d",
                "sha256:23b6b24d74478dc833444cbd927c338349d6ae852ba53a0d02a2de1fce45b96e",
                "sha256:252098c8c7a873e17dd696ed98bbe91dbacd571da4b87df3736768efa7a792e4",
                "sha256:257f26fed7d7ff59921b78244f3cd93ed2af1800ff048c33f624c87475819dd7",
                "sha256:2c322db9c8c89009a990ef07c3bcc9f011a3269bc06782f916cd3d9eed7c9312",
                "sha256:30a96e1e1f865f78b030d65241c1ee850cdf422d869e9028e2fc1d5e4db73b92",
                "sha256:30d006f98569de3459c2fc1f2acde170b7b2bd265dc1943e87e1a4efe1b67c31",
                "sha256:31a9a6f775f9bcd865d88ee350f0ffb0e25936a7f930ca98995c05abf1faf21c",
                "sha256:320e8e66157cc4e247d9ddca8e21f427efc7a04bbd0ac8a9faf56583fa543f9f",
                "sha256:34a7f768e3f985abdb42841e20e17b330ad3aaf4bb7e7aeeb73db2e70f077b99",
                "sha256:3653fad4fe3ed447a596ae8638b437f827234f01a8cd801842e43f3d0a6b281b",
                "sha256:3cd35b7e8aedeb9e34c41385fda4f73ba609e561faedfae0a9e75e44ac558a15",
                "sha256:3cfb2aad70f2c6debfbcb717f23b7eb55febc0bb23dcffc0f076009da10c6392",
                "sha256:416175faf02e4b0810f1f38bcb54682878a4af94059a1cd63b8747244420801f",
                "sha256:41d1fc408ff5fdfb910200ec0e74abc40387bccb3252f3f27c0676731df2b2c8",
                "sha256:42e5088973e56e31e4fa58eb6bd709e42fc03799c11c42929592889a2e54c491",
                "sha256:4ca4c094de7771a98d7fbd67d9e5dbf1eb73efa4f744a730437d8a3a5cf994f0",
                "sha256:511729f456829ef86ac41ca78c63a5cb55240ed23b4b737faca0eb1abb1c41bc",
                "sha256:53cd68b185d98dde4ad8990e56a58dea83a4162161b1ea9272e5c9182ce415e0",
                "sha256:585f3b2a80fbd26b048a0be90c5aae8f06605d3c92615911c3a2b03a8a3b796f",
                "sha256:5b413b0b1bfd94dbf4023ad6945889f374cd24e3f62de58d6bb102c4d9ae534a",
                "sha256:5d8d01eac18c423815ed4f4a2ec3b439d654e55ee4ad610e153cf02faf67ea40",
                "sha256:6aab0f181c486f973bc7262a97f5aca3ee7e1437011ef0c2ec04b5a11d16c927",
                "sha256:6cf8fd4c04756b6b60146d98cd8a77d0cdae0e1ca20329da2ac85eed779b6849",
                "sha256:6fb70de56f1859a3f71261cbe41005f56a7842cc348d3aeb26237560bfa5e0ce",
                "sha256:6fce4b8500244f6fcb71465d4a4930d132ba9ab8e71a7859e6a5d59851068d14",
                "sha256:70bfc5f2c318afece2f5838ea5e4c3febada0be750fcf4775641052bbba14d05",
                "sha256:73dc19b562516fc9bcf6e5d6e596df0b4eb98d87e4f79f3ae71840e6ed21361c",
                "sha256:74d77e25adda8581ffc1c720f1c81ca082921329452eba58b16233ab1842141c",
                "sha256:78deba4d8f9590fe4dae384aeff04082510a709957e968753ff3c48399f6f92a",
                "sha256:86df271bf921c2ee3818f0522e9a5b8092ca2ad8b065ece5d7d9d0e9f4849bcc",
                "sha256:88ab34806dea0671532d3f82d82b85e8fc23d7b2dd12fa837978dad9bb392a34",
                "sha256:8999f965f922ae054125286faf9f11bc6932184b93011d138925a1773830bbe9",
                "sha256:8dcfc373f888e4fb39a7bc57e93e3b845e7f462dacc008d9749568b1c4ece096",
                "sha256:939578d9d8fd4299220161fdd76e86c6a251987476f5243e8864a7844476ba14",
                "sha256:96b2b3d1a83ad55310de8c7b4a2d04d9277d5591f40761274856635acc5fcb30",
                "sha256:a2d08ac246bb48479170408d6c19f6385fa743e7157d716e144cad849b2dd94b",
                "sha256:b256ee2e749283ef3ddcff51a675ff43798d92d746d1a6e4631bf8c707d22d0b",
                "sha256:b5e3b2d152e74e100a9e9573837aba24aab611d39428ded46f4e4022ea7d1942",
                "sha256:b89bc04de1d83006373429975f8ef9e7932534b8cc9ca582e4db7d20d91816db",
                "sha256:bd28b817ea8c70215401f657edef3a8aa83c29d447fb0b622c35403780ba11d5",
                "sha256:c60e092517a73c632ec38e290eba714e9627abe9d301c8c8a12ec32c314a2a4b",
                "sha256:c6dbd0ccdda3a2ba7c2ecd9d77b37f3b5831687d8dc1b6ca5f56a4880cc7b7ce",
                "sha256:c6e490913a46fa054e03699c70019ab869e990270597018cef1d8562132c2669",
                "sha256:c6f162aabe9a91a309510d74eeb6507fab5fff92337a15acbe77753d88d9dcf0",
                "sha256:c6fd51128a41297f5409deab284fecbe5305ebd7e5a1f959bee1c054622b7018",
                "sha256:cc34f233c9e71701040d772aa7490318673aa7164a0efe3172b2981218c26d93",
                "sha256:cc9370a2da1ac13f0153780040f465839e6cccb4a1e44810124b4e22483c93fe",
                "sha256:ccf600859c183d70eb47e05a44cd80a4ce77394d1ac0f79dbd2dd90a69a3a049",
                "sha256:ce571ab16d890d23b5c278547ba694193a45011ff86a9162a71307ed9f86759a",
                "sha256:cf1ebb7d78e1ad8ec2a8c4732c7be2e736f6e5123a4146c5b89c9d1f585f8cef",
                "sha256:d0e909868420b7049dafd3a31d45125b31143eec59235311fc4c57ea26a4acd2",
                "sha256:d22dbedd33326a4a5190dd4fe9e9e693ef12160c77382d9e87919bce54f3d4ca",
                "sha256:d716a916938e03231e86e43782ca7878fb602a125a91e7acb8b5112e2e96ac16",
                "sha256:d79c198e27580c8e958906f803e63cddb77653731be08851c7df0b1a14a8fc0f",
                "sha256:d95bfb53c211b57198bb91c46dd5a2d8018b3af446583aab40074bf7988401cb",
                "sha256:e28e334d3ff134e88989d90ba04b47d84382a828c061d0d1027b1b12a62b39b1",
                "sha256:ec557499516fc90fd374bf2e32349a2887a876fbf162c160e3c01b6849eaf557",
                "sha256:fb6fecfd65564f208cbf0fba07f107fb661bcd1a7c389edbced3f7a493f70e37",
                "sha256:fb731e5deb0c7ef82d698b0f4c5bb724633ee2a489401594c5c88b02e6cb15f7",
                "sha256:fb7f67a1bfa6e40b438170ebdc8158b78dc465a5a67b6dde178a46987b244a72",
                "sha256:fd10de089bcdcd1be95a2f73dbe6254798ec1bda9f450d5828c96f93e2536b9c",
                "sha256:fdabf8315679312cfa71302f9bd509ded4f2f263fb5b765cf1433b39106c3cc9"
            ],
            "markers": "python_version >= '3.7'",
            "version": "==3.4.3"
        },
        "docutils": {
            "hashes": [
                "sha256:4ed966a0e96a0477d852f7af31bdcb3adc049fbb35ccba358c2ea8a03287615e",
                "sha256:ba9d57750e92331ebe7c08a1bbf7a7f8143b86c476acd51528b042216a6aad0f"
            ],
            "markers": "python_version >= '3.9'",
            "version": "==0.22"
        },
        "filetype": {
            "hashes": [
                "sha256:66b56cd6474bf41d8c54660347d37afcc3f7d1970648de365c102ef77548aadb",
                "sha256:7ce71b6880181241cf7ac8697a2f1eb6a8bd9b429f7ad6d27b8db9ba5f1c2d25"
            ],
            "version": "==1.2.0"
        },
        "hid": {
            "hashes": [
                "sha256:5ca129a7b9434ace5e3e429c1092a16792feffaf067a46b666e9c586872cdcfe",
                "sha256:9b6fac92098322ae5d8d839c2bb30620b7533284bcf5f3e6aedcc0483c388046"
            ],
            "index": "pypi",
            "version": "==1.0.8"
        },
        "idna": {
            "hashes": [
                "sha256:12f65c9b470abda6dc35cf8e63cc574b1c52b11df2c86030af0ac09b01b13ea9",
                "sha256:946d195a0d259cbba61165e88e65941f16e9b36ea6ddb97f00452bae8b1287d3"
            ],
            "markers": "python_version >= '3.6'",
            "version": "==3.10"
        },
        "ifaddr": {
            "hashes": [
                "sha256:085e0305cfe6f16ab12d72e2024030f5d52674afad6911bb1eee207177b8a748",
                "sha256:cc0cbfcaabf765d44595825fb96a99bb12c79716b73b44330ea38ee2b0c4aed4"
            ],
            "version": "==0.2.0"
        },
        "kivy": {
            "hashes": [
                "sha256:002de19fef53955c48108758beea3092cf281326642d2e71eca1c443f4227cce",
                "sha256:0833949e3502cdb4abcf9c1da4384674045ad7d85644313aa1ee7573f3b4f9d9",
                "sha256:2046f6608d17b6c1a0530ac9aa127307fa25f6f75764f1d60428a1c0f6c0af88",
                "sha256:2be79fe1494b6e60cb5aa5f124c37961530417cf27a53171b5a72c9e4c7d41cf",
                "sha256:38a265ff95120694ab7dfc29ed2ccdec40a8a47344387b886f498449b0c3c66c",
                "sha256:3d6215762510b463b0461d173f8a0b22e449beb12ba79cf151e18aa1d3d12a40",
                "sha256:3f74679ef305f0ed0d8bb3599a2dddc80ffc81157bdc07947498dd689fc9a5d9",
                "sha256:445b6054afcd08fd271b75e5552a72a5ffb122b05e8511e46bf69e3b5e344d31",
                "sha256:663e9b2fe5002f53371b3ad3712dccdaaa96905bbeaa83d7c7e64f3c44fec94e",
                "sha256:748163206ce95aab5aaad1ada772a79e422a80b6308623510e74a1b7baf80f0a",
                "sha256:7e473b10e9b9a49a6475760fd1f7d674873852f9561505ff6b4d8e5f1691d4f9",
                "sha256:91c836b7c2b4958fb4b3839f63b1724435bd617548baace0602c122d39756746",
                "sha256:950d17e275f817ca34cc7c9d55f9d229067e2f7fbd0fad985a74c94893f7e739",
                "sha256:acb58843763075818de919989a73657307f4d833a7cc5547c1b16c226e260e5d",
                "sha256:ace93c166c9400f9435cfd3bd179b5ef9fdd40d69ee8171a6b8beba08c402d09",
                "sha256:ae8168549c822a7122044965715d9f953a1862fdef132ea7725df8c1d2f19e5c",
                "sha256:b5127af11c2fc1299f2331402fe4f6edb0985711c2841fbfdf509830c058c78e",
                "sha256:b7a1799b19f6ab3bcfcef1e729a0229cee646167a1633e067c2add6978f928bb",
                "sha256:ba83dd8266fc2b1247de18c5e8114fa47ea20eb33eb7c3a9e2eb6202b9778088",
                "sha256:bfe25296e9612cbfa2b68cfb0ccd3c80db1441c11261a9e131d5f8fed7618c2c",
                "sha256:d28ad14162554abd0324ae8f66ce2f374c05456d2656d60cfa80814f715d62c0",
                "sha256:d8d9e57501961c5d45e5a2c5af0caef24e48f43a0cd88f607eb3b517198cfec4",
                "sha256:d9e92c4894f99685d822ab7d059a3912bbff17d812e64a12ed3cf0acd37924cb",
                "sha256:ee628e5dbe5e397ceeeda7b49cf4c800b79a695c6345fee1a8f1b71d3fc530bb",
                "sha256:f180280df46a8c2f9988159938aa1a3e5a0094060d9586ea79df4b4ead9cad98"
            ],
            "index": "pypi",
            "markers": "python_version >= '3.8'",
            "version": "==2.3.1"
        },
        "kivy-garden": {
            "hashes": [
                "sha256:2b8377378e87501d5d271f33d94f0e44c089884572c64f89c9d609b1f86a2748",
                "sha256:ef50f44b96358cf10ac5665f27a4751bb34ef54051c54b93af891f80afe42929"
            ],
            "version": "==0.1.5"
        },
        "pygments": {
            "hashes": [
                "sha256:636cb2477cec7f8952536970bc533bc43743542f70392ae026374600add5b887",
                "sha256:86540386c03d588bb81d44bc3928634ff26449851e99741617ecb9037ee5ec0b"
            ],
            "markers": "python_version >= '3.8'",
            "version": "==2.19.2"
        },
        "requests": {
            "hashes": [
                "sha256:2462f94637a34fd532264295e186976db0f5d453d1cdd31473c85a6a161affb6",
                "sha256:dbba0bac56e100853db0ea71b82b4dfd5fe2bf6d3754a8893c3af500cec7d7cf"
            ],
            "markers": "python_version >= '3.9'",
            "version": "==2.32.5"
        },
        "tenacity": {
            "hashes": [
                "sha256:1169d376c297e7de388d18b4481760d478b0e99a777cad3a9c86e556f4b697cb",
                "sha256:f77bf36710d8b73a50b2dd155c97b870017ad21afe6ab300326b0371b3b05138"
            ],
            "index": "pypi",
            "markers": "python_version >= '3.9'",
            "version": "==9.1.2"
        },
        "urllib3": {
            "hashes": [
                "sha256:3fc47733c7e419d4bc3f6b3dc2b4f890bb743906a30d56ba4a5bfa4bbff92760",
                "sha256:e6b01673c0fa6a13e374b50871808eb3bf7046c4b125b216f6bf1cc604cff0dc"
            ],
            "markers": "python_version >= '3.9'",
            "version": "==2.5.0"
        },
        "zeroconf": {
            "hashes": [
                "sha256:01d64386cf21b72659d070792faaa621e9c3dcc3f54361b38ac29afcb5f32ad4",
                "sha256:0204a7b163d497c08b38e3e6d15304da7553819f9de4ad87d86ed01b445db140",
                "sha256:062954d1b4ade17d708738aa4712f618a1094ecbac137db2c98d0569f8d003b6",
                "sha256:0730fa038822085cb5eb0b4ebb57a106ae8b051aef0745cae79067e5e713d4f5",
                "sha256:0958a0dbe5e84270ab36412cb290e72c87d63b931d260bc2f4a4a35c11729cab",
                "sha256:1398dd9e6f9678c3b47ec16c28531a7dad2ac9c31bbc267ab523f641537ce17c",
                "sha256:13dec57abf78dc618e73c0b8ef85619bb2a551eb08cbb9f156e3f3424a614d78",
                "sha256:219a6c490251be96def371c4c670812fcb386ed5e36917e0523a4fa5d53fe21a",
                "sha256:23ea2fde9091ebc765e936c3f70f31f3053cadd2e7c96bbdabb8c7f58d922170",
                "sha256:2a6941a1363116fe4416585f50e0b18ab1aa3bcb90854b77577c07a934f57e70",
                "sha256:2d7619dc33b04e2ce1349b9e4194e3b98264bbbb57d138bcad977aced06eb3db",
                "sha256:2f91e2544433acfa928c8dbaea7af8bf0644e06904610799d6b762fd599d81bd",
                "sha256:30d4f0076cfe827eb2dd56b17f5b0f51853944d49656fd59dce3a18245bc9c70",
                "sha256:3198034f952ecf6e56856312a0204b69e87c41966264cb9c6cdc75d4dc238ec4",
                "sha256:343ca854c9e373f14307f52dece3eb7c1949bb7f77bfd58db823edd88e151b52",
                "sha256:3937ba05211bcbd3f45dca553a0c66a19f31f3626c9219a422b37a29b19c62b5",
                "sha256:3a6f64fef18482b2d44fac3e7c95d5fd08a0af47584e71380c652abef68d19db",
                "sha256:3b6348049ed7ac4f67341cb23ae4d2bfcfc5f02d585aa251e1cd5b9151af0699",
                "sha256:3e77542e065cc7f78ce5aa1573a46ea1586b3dda7c14cd3d4d1fd1dc37f28feb",
                "sha256:433644d43d7670c8eaa0629dd936c8fff0394e5a4bd254d7ea82b61660a61289",
                "sha256:45f4279c908b2ccdac5804392e47c728e3c128b4ec49d0945263fbc5829bf891",
                "sha256:47acc2d5117240afcb231dc669007ac1c25122094300aa1226143f16cff96406",
                "sha256:4e47bf618bf8dd3b45f0ae5c2f4f67e9769210e8c786760f3eef3eff21a6394a",
                "sha256:55742f3fa55fb911c7e794888f34304832256106b9b6d969af3230ac60b74e30",
                "sha256:572d4734dd9ea28369f0ea6af2b4ee02e97c52bc26a349c11f01aa191b577b1f",
                "sha256:58228730194c5b43f6d3a020071a980143adfb9f083bf6e1a526375b612281a4",
                "sha256:58ef18096a566878238bb2190537fdd87949ce324d40540f60f2553fbcea8120",
                "sha256:593316ef66ffe4920a8958409757d218d533f856c25028ae6bcea50129fe1da4",
                "sha256:5955a47298de8271d5409d0c99648f44a45f45d292109ef253763065e9b953c6",
                "sha256:5b0ab523d7be5bebf58aeada1ca7f5ae41c1ebbe69da8435bbf2c2581b4fb3ac",
                "sha256:5bcf519c047a37c48684fdc8e2b5560be696ec1fbbc0099809fd9b36a6d4d2d4",
                "sha256:5c3e5dd5db5d3ad02af43c76c0c11005d2dca811083ecfb29554ea744eb87d20",
                "sha256:5e0bc1274d8157a21d43705b256b3320b25756dbc25ca017f7ae1fe66877c93f",
                "sha256:5fc666a8f76241b04beae6e3230dc45a76fa2edb33b525d456eabd92b1a08b08",
                "sha256:62d8898c8fc47f1f951991f7745e50c553618d7e47aa019597c3333eddf24139",
                "sha256:635ddcf238db00d92dd2aace77a1d852ce12152de06bdbde61767472cf45f93a",
                "sha256:64780ec808e0914c9de43ba9582ec1318ed18e91da650e1562560775bfe1714e",
                "sha256:65333ad735cbc7f6f8e0552e2dc85f254fa929da6e179c86ebe413986e4aa42f",
                "sha256:66ca484d14bb88885d227f1b2ad32e9ebf9b7e6238bb61e0a6ba241b3b0950c9",
                "sha256:692b20f8e71c4f1bc8fa809abe98930fc61c26ab9a8a278276ea3a437ba0e627",
                "sha256:6a4d412e553b4adc650431dd0912f423b1e59780cf97429170c0cb431cfde347",
                "sha256:6a92a5a89c2be9ca496601affca705ba554d43db8bddc4dd630ff246328b3639",
                "sha256:6fe3f5acb1b5782dd8d4eec3f4f53e70c6f4cc09ca082d61bb9350e14f5cd38b",
                "sha256:7718242ee758cfd8d94089d17871de9cbc7ffa651fcc5d779e622df6c9bfc4a5",
                "sha256:777d71ae5154707175d9d392c7f37a2b810e862228409a0ea38459d4e4efd67a",
                "sha256:7960f749bcb534dab9456e2fa849405be7d96328b1135bb85c02ca87a385a455",
                "sha256:7a94e0a3814b07bf7e848300166f890eb37d30d5e07030bbd144936674370e41",
                "sha256:7b7a95526c7185c1f828042d4321c4abe1f7c1781c6e2ed7d69551630ffd950f",
                "sha256:7e7ec97f017fbb5ad5491fae250aa42216d9087b0ce7286afe2258f40afbf1b0",
                "sha256:7f6ae2978034bebb48f629fc070e960bb1edee548d171ca5ff30c8a634fde908",
                "sha256:889c5d4fcc163c1c8846a0a8fee164c62919db841f6b34dba1dbe55088402237",
                "sha256:8cd4750b6b52fc5a4e5c6c3fe8a6d13b6c4b95adb9875e79d86b2670ccd97747",
                "sha256:915bf241f3bb968dd37447551a114f42384b15e1a1778479fd7d0bf2c9898141",
                "sha256:94a60cffde70d1cb50ff84290ddbfb56cb01093c008ab135c0ad94bcfd877610",
                "sha256:9cf0c804c762f79c8056da421765cfb679ebef52fb35d9d7c01625136a9d0b44",
                "sha256:a2aa19664d71ace60e4a9ca03649bb9e553a08360e7a3a93ed79f7b263e3e7ec",
                "sha256:a4b876d33502e96b7753ba9db6e0cf4f6c76edace2c459a0e9331a9d22cc0d73",
                "sha256:a7ae899017781fbe0b30adef14ae97e27bdec6fe69603117dc45925a84ec5c23",
                "sha256:b51c3d57223ae968f1fa432144eb10eb474fe01efce7a480309e947d72de6d41",
                "sha256:b95d0dd3ec85c6f1db4b5417eb39b9d25a14bb67bb8b95a053d2fb63d842872b",
                "sha256:bb1a057d961f66423fe2f423cfc8a1d3ab854b520ac28e1226c200b916d07a4f",
                "sha256:c1733630d89268c581d871273dec431c00b6812c58d0bed7f8d3f945cc67224e",
                "sha256:c30a551d9a1df428ecce7816659314470f2bf36957a15905ff40560595bf61e9",
                "sha256:c6259df8104aa1a29a9be9dafd6c4c3a5fd388c1a4cea7f921f70b1cc5ac17b6",
                "sha256:cc27e35a88f50ef99c3d2bbd8dd08a6d0bef74671cbd0e30c69c45967e86b60a",
                "sha256:d2bf175fa6226596cdd9a6ec93b2319b1c8e2e735f23a295ac59d192fbb70c68",
                "sha256:d8cca1d4861d3b7c34d209e03e419a87ec96f5048870973b81f89483cf689c0b",
                "sha256:dd3d38873d2447cbf4c0c440c1add806ebeaab6df926df87822823cb07a5b641",
                "sha256:de22c0306b35ef0ee23f4deaa9204f0ffc3600125c63cc277fc5a52b7021aaf6",
                "sha256:de45086232034d079e8b732ab65caf4df338fbc93f9547d9001558d832018296",
                "sha256:e5a4ab8aab1a2dbb48132c02f009e0ec1648256b1c024b15ab924c5a62b6bd58",
                "sha256:e5ecdeb37f1a298c1ae6b4a6c2bd882bf29286cabe7d03de3e9b5a4487accefc",
                "sha256:ebe04dbb35b9a7e461823f027eef0970576ace94e3e06222b85b10401d3276ed",
                "sha256:ec7bba114f16c7dd56a6f9832870651fc1596729c46ec1f3c6e748cfded67924",
                "sha256:ed488fe2ae27438266f658630e2491a1b08462532ff69090f37095cf8002c002",
                "sha256:f715f43626bfbed6bdbcbcfce9217f66ae31f1b3db703fadf6e98a87636c52c8",
                "sha256:fa36dd4a1f01acdf1ceee98ebb83df696ce03314908fb7a14292ebe61b25151f",
                "sha256:fb1056e9b08104dac93fa6f345c8722a106cc3582a49d7186deae627ae294116",
                "sha256:fbdd3db8e53e8ff7f5f850613a46a22a828e490fbcd769e1acd2a8697aa66c77",
                "sha256:ffc2c93167c43bf7e8387c1c860813b26ebf4dfe5c71a68c2ef4911b01a46ae6"
            ],
            "index": "pypi",
            "markers": "python_version >= '3.9' and python_version < '4.0'",
            "version": "==0.147.2"
        }
    },
    "develop": {}
}
